
Microsoft Visual Studio Solution File, Format Version 12.00
# Visual Studio Version 17
VisualStudioVersion = 17.0.31612.314
MinimumVisualStudioVersion = 10.0.40219.1
Project("{9A19103F-16F7-4668-BE54-9A1E7A4F7556}") = "ClangSharp.Pathogen", "ClangSharp.Pathogen\ClangSharp.Pathogen.csproj", "{ADCA9D07-0CAB-4D1F-92DD-69189D520EFB}"
EndProject
Project("{9A19103F-16F7-4668-BE54-9A1E7A4F7556}") = "ClangSharp.Pathogen.Runtime", "ClangSharp.Pathogen.Runtime\ClangSharp.Pathogen.Runtime.csproj", "{3A053B1B-DB74-48A3-994C-16C48AA2378A}"
EndProject
Project("{2150E333-8FDC-42A3-9474-1A3956D46DE8}") = "Solution Items", "Solution Items", "{D91EF5C2-A8C3-450F-9369-2A6E1BA256C4}"
	ProjectSection(SolutionItems) = preProject
		Directory.Build.props = Directory.Build.props
		Directory.Build.targets = Directory.Build.targets
	EndProjectSection
EndProject
Project("{2150E333-8FDC-42A3-9474-1A3956D46DE8}") = "tooling", "tooling", "{543C6D77-9322-4328-9A08-05F124A261CC}"
	ProjectSection(SolutionItems) = preProject
		tooling\Common.csproj.props = tooling\Common.csproj.props
		tooling\Common.csproj.targets = tooling\Common.csproj.targets
		tooling\Common.props = tooling\Common.props
		tooling\Common.targets = tooling\Common.targets
	EndProjectSection
EndProject
Global
	GlobalSection(SolutionConfigurationPlatforms) = preSolution
		Debug|Any CPU = Debug|Any CPU
		Release|Any CPU = Release|Any CPU
	EndGlobalSection
	GlobalSection(ProjectConfigurationPlatforms) = postSolution
		{ADCA9D07-0CAB-4D1F-92DD-69189D520EFB}.Debug|Any CPU.ActiveCfg = Debug|Any CPU
		{ADCA9D07-0CAB-4D1F-92DD-69189D520EFB}.Debug|Any CPU.Build.0 = Debug|Any CPU
		{ADCA9D07-0CAB-4D1F-92DD-69189D520EFB}.Release|Any CPU.ActiveCfg = Release|Any CPU
		{ADCA9D07-0CAB-4D1F-92DD-69189D520EFB}.Release|Any CPU.Build.0 = Release|Any CPU
		{3A053B1B-DB74-48A3-994C-16C48AA2378A}.Debug|Any CPU.ActiveCfg = Debug|Any CPU
		{3A053B1B-DB74-48A3-994C-16C48AA2378A}.Debug|Any CPU.Build.0 = Debug|Any CPU
		{3A053B1B-DB74-48A3-994C-16C48AA2378A}.Release|Any CPU.ActiveCfg = Release|Any CPU
		{3A053B1B-DB74-48A3-994C-16C48AA2378A}.Release|Any CPU.Build.0 = Release|Any CPU
	EndGlobalSection
	GlobalSection(SolutionProperties) = preSolution
		HideSolutionNode = FALSE
	EndGlobalSection
	GlobalSection(NestedProjects) = preSolution
		{543C6D77-9322-4328-9A08-05F124A261CC} = {D91EF5C2-A8C3-450F-9369-2A6E1BA256C4}
	EndGlobalSection
	GlobalSection(ExtensibilityGlobals) = postSolution
		SolutionGuid = {47AC6DA4-5EC6-411A-B1CF-87D618F321DF}
	EndGlobalSection
EndGlobal
